
Microsoft Visual Studio Solution File, Format Version 12.00
# Visual Studio Version 17
VisualStudioVersion = 17.9.34728.123
MinimumVisualStudioVersion = 10.0.40219.1
Project("{FAE04EC0-301F-11D3-BF4B-00C04F79EFBC}") = "ManipulacaoVetor", "ManipulacaoVetor\ManipulacaoVetor.csproj", "{09693D8E-E22D-43B6-AA35-51436EF7EBD3}"
EndProject
Global
	GlobalSection(SolutionConfigurationPlatforms) = preSolution
		Debug|Any CPU = Debug|Any CPU
		Release|Any CPU = Release|Any CPU
	EndGlobalSection
	GlobalSection(ProjectConfigurationPlatforms) = postSolution
		{09693D8E-E22D-43B6-AA35-51436EF7EBD3}.Debug|Any CPU.ActiveCfg = Debug|Any CPU
		{09693D8E-E22D-43B6-AA35-51436EF7EBD3}.Debug|Any CPU.Build.0 = Debug|Any CPU
		{09693D8E-E22D-43B6-AA35-51436EF7EBD3}.Release|Any CPU.ActiveCfg = Release|Any CPU
		{09693D8E-E22D-43B6-AA35-51436EF7EBD3}.Release|Any CPU.Build.0 = Release|Any CPU
	EndGlobalSection
	GlobalSection(SolutionProperties) = preSolution
		HideSolutionNode = FALSE
	EndGlobalSection
	GlobalSection(ExtensibilityGlobals) = postSolution
		SolutionGuid = {3295AEC8-D060-40C8-802F-F20B03401DF0}
	EndGlobalSection
EndGlobal
